
Microsoft Visual Studio Solution File, Format Version 12.00
# Visual Studio Version 16
VisualStudioVersion = 16.0.32407.337
MinimumVisualStudioVersion = 10.0.40219.1
Project("{FAE04EC0-301F-11D3-BF4B-00C04F79EFBC}") = "ScottishGlen", "ScottishGlen\ScottishGlen.csproj", "{C326BA24-2D02-416F-B08E-2D97B148C09E}"
EndProject
Global
	GlobalSection(SolutionConfigurationPlatforms) = preSolution
		Debug|Any CPU = Debug|Any CPU
		Release|Any CPU = Release|Any CPU
	EndGlobalSection
	GlobalSection(ProjectConfigurationPlatforms) = postSolution
		{C326BA24-2D02-416F-B08E-2D97B148C09E}.Debug|Any CPU.ActiveCfg = Debug|Any CPU
		{C326BA24-2D02-416F-B08E-2D97B148C09E}.Debug|Any CPU.Build.0 = Debug|Any CPU
		{C326BA24-2D02-416F-B08E-2D97B148C09E}.Release|Any CPU.ActiveCfg = Release|Any CPU
		{C326BA24-2D02-416F-B08E-2D97B148C09E}.Release|Any CPU.Build.0 = Release|Any CPU
	EndGlobalSection
	GlobalSection(SolutionProperties) = preSolution
		HideSolutionNode = FALSE
	EndGlobalSection
	GlobalSection(ExtensibilityGlobals) = postSolution
		SolutionGuid = {CB744547-D41A-4196-A892-D0B2E7202FFF}
	EndGlobalSection
EndGlobal
